
Microsoft Visual Studio Solution File, Format Version 12.00
# Visual Studio Version 17
VisualStudioVersion = 17.8.34322.80
MinimumVisualStudioVersion = 10.0.40219.1
Project("{FAE04EC0-301F-11D3-BF4B-00C04F79EFBC}") = "WebUygulama1", "WebUygulama1.csproj", "{2023D79C-B55B-4B80-B400-42F4B3D04DBB}"
EndProject
Global
	GlobalSection(SolutionConfigurationPlatforms) = preSolution
		Debug|Any CPU = Debug|Any CPU
		Release|Any CPU = Release|Any CPU
	EndGlobalSection
	GlobalSection(ProjectConfigurationPlatforms) = postSolution
		{2023D79C-B55B-4B80-B400-42F4B3D04DBB}.Debug|Any CPU.ActiveCfg = Debug|Any CPU
		{2023D79C-B55B-4B80-B400-42F4B3D04DBB}.Debug|Any CPU.Build.0 = Debug|Any CPU
		{2023D79C-B55B-4B80-B400-42F4B3D04DBB}.Release|Any CPU.ActiveCfg = Release|Any CPU
		{2023D79C-B55B-4B80-B400-42F4B3D04DBB}.Release|Any CPU.Build.0 = Release|Any CPU
	EndGlobalSection
	GlobalSection(SolutionProperties) = preSolution
		HideSolutionNode = FALSE
	EndGlobalSection
	GlobalSection(ExtensibilityGlobals) = postSolution
		SolutionGuid = {90EEC8C8-F88F-48A0-ABAD-F35E234E87CD}
	EndGlobalSection
EndGlobal
